
Microsoft Visual Studio Solution File, Format Version 12.00
# Visual Studio 15
VisualStudioVersion = 15.0.26730.12
MinimumVisualStudioVersion = 10.0.40219.1
Project("{FAE04EC0-301F-11D3-BF4B-00C04F79EFBC}") = "Raindrops", "Raindrops\Raindrops.csproj", "{BDD5B1EB-E2B7-4034-B897-D0BE19146B72}"
EndProject
Global
	GlobalSection(SolutionConfigurationPlatforms) = preSolution
		Debug|Any CPU = Debug|Any CPU
		Release|Any CPU = Release|Any CPU
	EndGlobalSection
	GlobalSection(ProjectConfigurationPlatforms) = postSolution
		{BDD5B1EB-E2B7-4034-B897-D0BE19146B72}.Debug|Any CPU.ActiveCfg = Debug|Any CPU
		{BDD5B1EB-E2B7-4034-B897-D0BE19146B72}.Debug|Any CPU.Build.0 = Debug|Any CPU
		{BDD5B1EB-E2B7-4034-B897-D0BE19146B72}.Release|Any CPU.ActiveCfg = Release|Any CPU
		{BDD5B1EB-E2B7-4034-B897-D0BE19146B72}.Release|Any CPU.Build.0 = Release|Any CPU
	EndGlobalSection
	GlobalSection(SolutionProperties) = preSolution
		HideSolutionNode = FALSE
	EndGlobalSection
	GlobalSection(ExtensibilityGlobals) = postSolution
		SolutionGuid = {4EF98D01-ACAD-480F-BFC2-48CDB1F4FD6A}
	EndGlobalSection
EndGlobal
